// !$*UTF8*$!
{
	archiveVersion = 1;
	classes = {
	};
	objectVersion = 56;
	objects = {

/* Begin PBXBuildFile section */
		0A234DB329A62DA2009B9A13 /* ProfileView.swift in Sources */ = {isa = PBXBuildFile; fileRef = 0A234DB229A62DA2009B9A13 /* ProfileView.swift */; };
		133971FD29ACD25C00855407 /* Teoria[EN].json in Resources */ = {isa = PBXBuildFile; fileRef = 133971FA29ACD25C00855407 /* Teoria[EN].json */; };
		133971FE29ACD25C00855407 /* Teoria[IT].json in Resources */ = {isa = PBXBuildFile; fileRef = 133971FB29ACD25C00855407 /* Teoria[IT].json */; };
		133971FF29ACD25C00855407 /* Teoria[PT].json in Resources */ = {isa = PBXBuildFile; fileRef = 133971FC29ACD25C00855407 /* Teoria[PT].json */; };
		13504C3A29A8BAF900E33021 /* QuestionModel.swift in Sources */ = {isa = PBXBuildFile; fileRef = 13504C3929A8BAF900E33021 /* QuestionModel.swift */; };
		13504C3E29A8BD6400E33021 /* Quiz.swift in Sources */ = {isa = PBXBuildFile; fileRef = 13504C3D29A8BD6400E33021 /* Quiz.swift */; };
		137B939A29ACAFA200CB5282 /* QuizData[EN].json in Resources */ = {isa = PBXBuildFile; fileRef = 137B939929ACAFA200CB5282 /* QuizData[EN].json */; };
		137B939C29ACCCFC00CB5282 /* Assets.xcassets in Resources */ = {isa = PBXBuildFile; fileRef = 137B939B29ACCCFB00CB5282 /* Assets.xcassets */; };
		6E06491429B0A82D00E466DE /* pulsantinoView.swift in Sources */ = {isa = PBXBuildFile; fileRef = 6E06491329B0A82D00E466DE /* pulsantinoView.swift */; };
		6E06491629B0AE7700E466DE /* peristenza.swift in Sources */ = {isa = PBXBuildFile; fileRef = 6E06491529B0AE7700E466DE /* peristenza.swift */; };
		6E373ED929A5FFA100F18525 /* iWaitProjectApp.swift in Sources */ = {isa = PBXBuildFile; fileRef = 6E373ED829A5FFA100F18525 /* iWaitProjectApp.swift */; };
		6E373EDB29A5FFA100F18525 /* ContentView.swift in Sources */ = {isa = PBXBuildFile; fileRef = 6E373EDA29A5FFA100F18525 /* ContentView.swift */; };
		6E373EE029A5FFA300F18525 /* Preview Assets.xcassets in Resources */ = {isa = PBXBuildFile; fileRef = 6E373EDF29A5FFA300F18525 /* Preview Assets.xcassets */; };
		6E373EE229A5FFA300F18525 /* Persistence.swift in Sources */ = {isa = PBXBuildFile; fileRef = 6E373EE129A5FFA300F18525 /* Persistence.swift */; };
		6E373EE529A5FFA300F18525 /* iWaitProject.xcdatamodeld in Sources */ = {isa = PBXBuildFile; fileRef = 6E373EE329A5FFA300F18525 /* iWaitProject.xcdatamodeld */; };
		6E373EEC29A6020700F18525 /* GameScene1.swift in Sources */ = {isa = PBXBuildFile; fileRef = 6E373EEB29A6020700F18525 /* GameScene1.swift */; };
		6ED43D1A29AD215E005CEE42 /* NewCardModel.swift in Sources */ = {isa = PBXBuildFile; fileRef = 6ED43D1929AD215E005CEE42 /* NewCardModel.swift */; };
		6ED43D1C29AD23AD005CEE42 /* NewCardView.swift in Sources */ = {isa = PBXBuildFile; fileRef = 6ED43D1B29AD23AD005CEE42 /* NewCardView.swift */; };
		6ED43D1E29AD2514005CEE42 /* Teoria[ENG].json in Resources */ = {isa = PBXBuildFile; fileRef = 6ED43D1D29AD2514005CEE42 /* Teoria[ENG].json */; };
		6ED43D2129AD2AE2005CEE42 /* Teoria[ITA].json in Resources */ = {isa = PBXBuildFile; fileRef = 6ED43D2029AD2AE2005CEE42 /* Teoria[ITA].json */; };
		6ED43D2329AD2E9A005CEE42 /* Teoria[PTG].json in Resources */ = {isa = PBXBuildFile; fileRef = 6ED43D2229AD2E9A005CEE42 /* Teoria[PTG].json */; };
		6ED43D2529AF4D38005CEE42 /* HomeView.swift in Sources */ = {isa = PBXBuildFile; fileRef = 6ED43D2429AF4D38005CEE42 /* HomeView.swift */; };
		6ED43D2729AF7412005CEE42 /* resocontoView.swift in Sources */ = {isa = PBXBuildFile; fileRef = 6ED43D2629AF7412005CEE42 /* resocontoView.swift */; };
		6ED71FEF29A7F0BA00180474 /* Buttons.swift in Sources */ = {isa = PBXBuildFile; fileRef = 6ED71FEE29A7F0BA00180474 /* Buttons.swift */; };
		6ED71FF729A8DB6B00180474 /* QuizData[IT].json in Resources */ = {isa = PBXBuildFile; fileRef = 6ED71FF629A8DB6B00180474 /* QuizData[IT].json */; };
		6ED71FF929ACA54500180474 /* QuizData[PT].json in Resources */ = {isa = PBXBuildFile; fileRef = 6ED71FF829ACA54500180474 /* QuizData[PT].json */; };
		F77D6B6029A9263C002278F8 /* TheoryCardView.swift in Sources */ = {isa = PBXBuildFile; fileRef = F77D6B5F29A9263C002278F8 /* TheoryCardView.swift */; };
		F77D6B6229A9263F002278F8 /* ChapterTwoCardView.swift in Sources */ = {isa = PBXBuildFile; fileRef = F77D6B6129A9263F002278F8 /* ChapterTwoCardView.swift */; };
		F77D6B6429A92642002278F8 /* ChapterThreeCardView.swift in Sources */ = {isa = PBXBuildFile; fileRef = F77D6B6329A92642002278F8 /* ChapterThreeCardView.swift */; };
		F77D6B6629A92645002278F8 /* ChapterOneCardView.swift in Sources */ = {isa = PBXBuildFile; fileRef = F77D6B6529A92645002278F8 /* ChapterOneCardView.swift */; };
		F77D6B6829A9266D002278F8 /* CardView.swift in Sources */ = {isa = PBXBuildFile; fileRef = F77D6B6729A9266D002278F8 /* CardView.swift */; };
		F77D6B6A29A92670002278F8 /* CardModel.swift in Sources */ = {isa = PBXBuildFile; fileRef = F77D6B6929A92670002278F8 /* CardModel.swift */; };
		F79DA82629B0C42900252B21 /* ViewLanguages.swift in Sources */ = {isa = PBXBuildFile; fileRef = F79DA82529B0C42900252B21 /* ViewLanguages.swift */; };
		F79DA82829B0CC7700252B21 /* ViewHello.swift in Sources */ = {isa = PBXBuildFile; fileRef = F79DA82729B0CC7700252B21 /* ViewHello.swift */; };
		F79DA82A29B0DE3C00252B21 /* ViewEnd.swift in Sources */ = {isa = PBXBuildFile; fileRef = F79DA82929B0DE3C00252B21 /* ViewEnd.swift */; };
/* End PBXBuildFile section */

/* Begin PBXFileReference section */
		0A234DB229A62DA2009B9A13 /* ProfileView.swift */ = {isa = PBXFileReference; lastKnownFileType = sourcecode.swift; path = ProfileView.swift; sourceTree = "<group>"; };
		133971FA29ACD25C00855407 /* Teoria[EN].json */ = {isa = PBXFileReference; fileEncoding = 4; lastKnownFileType = text.json; path = "Teoria[EN].json"; sourceTree = "<group>"; };
		133971FB29ACD25C00855407 /* Teoria[IT].json */ = {isa = PBXFileReference; fileEncoding = 4; lastKnownFileType = text.json; path = "Teoria[IT].json"; sourceTree = "<group>"; };
		133971FC29ACD25C00855407 /* Teoria[PT].json */ = {isa = PBXFileReference; fileEncoding = 4; lastKnownFileType = text.json; path = "Teoria[PT].json"; sourceTree = "<group>"; };
		13504C3929A8BAF900E33021 /* QuestionModel.swift */ = {isa = PBXFileReference; lastKnownFileType = sourcecode.swift; path = QuestionModel.swift; sourceTree = "<group>"; };
		13504C3D29A8BD6400E33021 /* Quiz.swift */ = {isa = PBXFileReference; lastKnownFileType = sourcecode.swift; path = Quiz.swift; sourceTree = "<group>"; };
		137B939929ACAFA200CB5282 /* QuizData[EN].json */ = {isa = PBXFileReference; lastKnownFileType = text.json; path = "QuizData[EN].json"; sourceTree = "<group>"; };
		137B939B29ACCCFB00CB5282 /* Assets.xcassets */ = {isa = PBXFileReference; lastKnownFileType = folder.assetcatalog; path = Assets.xcassets; sourceTree = "<group>"; };
		6E06491329B0A82D00E466DE /* pulsantinoView.swift */ = {isa = PBXFileReference; lastKnownFileType = sourcecode.swift; path = pulsantinoView.swift; sourceTree = "<group>"; };
		6E06491529B0AE7700E466DE /* peristenza.swift */ = {isa = PBXFileReference; lastKnownFileType = sourcecode.swift; path = peristenza.swift; sourceTree = "<group>"; };
		6E373ED529A5FFA100F18525 /* iWaitProject.app */ = {isa = PBXFileReference; explicitFileType = wrapper.application; includeInIndex = 0; path = iWaitProject.app; sourceTree = BUILT_PRODUCTS_DIR; };
		6E373ED829A5FFA100F18525 /* iWaitProjectApp.swift */ = {isa = PBXFileReference; lastKnownFileType = sourcecode.swift; path = iWaitProjectApp.swift; sourceTree = "<group>"; };
		6E373EDA29A5FFA100F18525 /* ContentView.swift */ = {isa = PBXFileReference; lastKnownFileType = sourcecode.swift; path = ContentView.swift; sourceTree = "<group>"; };
		6E373EDF29A5FFA300F18525 /* Preview Assets.xcassets */ = {isa = PBXFileReference; lastKnownFileType = folder.assetcatalog; path = "Preview Assets.xcassets"; sourceTree = "<group>"; };
		6E373EE129A5FFA300F18525 /* Persistence.swift */ = {isa = PBXFileReference; lastKnownFileType = sourcecode.swift; path = Persistence.swift; sourceTree = "<group>"; };
		6E373EE429A5FFA300F18525 /* iWaitProject.xcdatamodel */ = {isa = PBXFileReference; lastKnownFileType = wrapper.xcdatamodel; path = iWaitProject.xcdatamodel; sourceTree = "<group>"; };
		6E373EEB29A6020700F18525 /* GameScene1.swift */ = {isa = PBXFileReference; lastKnownFileType = sourcecode.swift; path = GameScene1.swift; sourceTree = "<group>"; };
		6ED43D1929AD215E005CEE42 /* NewCardModel.swift */ = {isa = PBXFileReference; lastKnownFileType = sourcecode.swift; path = NewCardModel.swift; sourceTree = "<group>"; };
		6ED43D1B29AD23AD005CEE42 /* NewCardView.swift */ = {isa = PBXFileReference; lastKnownFileType = sourcecode.swift; path = NewCardView.swift; sourceTree = "<group>"; };
		6ED43D1D29AD2514005CEE42 /* Teoria[ENG].json */ = {isa = PBXFileReference; lastKnownFileType = text.json; path = "Teoria[ENG].json"; sourceTree = "<group>"; };
		6ED43D2029AD2AE2005CEE42 /* Teoria[ITA].json */ = {isa = PBXFileReference; lastKnownFileType = text.json; path = "Teoria[ITA].json"; sourceTree = "<group>"; };
		6ED43D2229AD2E9A005CEE42 /* Teoria[PTG].json */ = {isa = PBXFileReference; lastKnownFileType = text.json; path = "Teoria[PTG].json"; sourceTree = "<group>"; };
		6ED43D2429AF4D38005CEE42 /* HomeView.swift */ = {isa = PBXFileReference; lastKnownFileType = sourcecode.swift; path = HomeView.swift; sourceTree = "<group>"; };
		6ED43D2629AF7412005CEE42 /* resocontoView.swift */ = {isa = PBXFileReference; lastKnownFileType = sourcecode.swift; path = resocontoView.swift; sourceTree = "<group>"; };
		6ED71FEE29A7F0BA00180474 /* Buttons.swift */ = {isa = PBXFileReference; fileEncoding = 4; lastKnownFileType = sourcecode.swift; path = Buttons.swift; sourceTree = "<group>"; };
		6ED71FF629A8DB6B00180474 /* QuizData[IT].json */ = {isa = PBXFileReference; explicitFileType = text.json; path = "QuizData[IT].json"; sourceTree = "<group>"; };
		6ED71FF829ACA54500180474 /* QuizData[PT].json */ = {isa = PBXFileReference; lastKnownFileType = text.json; path = "QuizData[PT].json"; sourceTree = "<group>"; };
		F77D6B5F29A9263C002278F8 /* TheoryCardView.swift */ = {isa = PBXFileReference; lastKnownFileType = sourcecode.swift; path = TheoryCardView.swift; sourceTree = "<group>"; };
		F77D6B6129A9263F002278F8 /* ChapterTwoCardView.swift */ = {isa = PBXFileReference; lastKnownFileType = sourcecode.swift; path = ChapterTwoCardView.swift; sourceTree = "<group>"; };
		F77D6B6329A92642002278F8 /* ChapterThreeCardView.swift */ = {isa = PBXFileReference; lastKnownFileType = sourcecode.swift; path = ChapterThreeCardView.swift; sourceTree = "<group>"; };
		F77D6B6529A92645002278F8 /* ChapterOneCardView.swift */ = {isa = PBXFileReference; lastKnownFileType = sourcecode.swift; path = ChapterOneCardView.swift; sourceTree = "<group>"; };
		F77D6B6729A9266D002278F8 /* CardView.swift */ = {isa = PBXFileReference; lastKnownFileType = sourcecode.swift; path = CardView.swift; sourceTree = "<group>"; };
		F77D6B6929A92670002278F8 /* CardModel.swift */ = {isa = PBXFileReference; lastKnownFileType = sourcecode.swift; path = CardModel.swift; sourceTree = "<group>"; };
		F79DA82529B0C42900252B21 /* ViewLanguages.swift */ = {isa = PBXFileReference; lastKnownFileType = sourcecode.swift; path = ViewLanguages.swift; sourceTree = "<group>"; };
		F79DA82729B0CC7700252B21 /* ViewHello.swift */ = {isa = PBXFileReference; lastKnownFileType = sourcecode.swift; path = ViewHello.swift; sourceTree = "<group>"; };
		F79DA82929B0DE3C00252B21 /* ViewEnd.swift */ = {isa = PBXFileReference; lastKnownFileType = sourcecode.swift; path = ViewEnd.swift; sourceTree = "<group>"; };
/* End PBXFileReference section */

/* Begin PBXFrameworksBuildPhase section */
		6E373ED229A5FFA100F18525 /* Frameworks */ = {
			isa = PBXFrameworksBuildPhase;
			buildActionMask = 2147483647;
			files = (
			);
			runOnlyForDeploymentPostprocessing = 0;
		};
/* End PBXFrameworksBuildPhase section */

/* Begin PBXGroup section */
		13504C3729A8BAD100E33021 /* Models */ = {
			isa = PBXGroup;
			children = (
				6ED43D1929AD215E005CEE42 /* NewCardModel.swift */,
				6ED43D2029AD2AE2005CEE42 /* Teoria[ITA].json */,
				6ED43D1D29AD2514005CEE42 /* Teoria[ENG].json */,
				6ED43D2229AD2E9A005CEE42 /* Teoria[PTG].json */,
				6ED71FF829ACA54500180474 /* QuizData[PT].json */,
				6ED71FF629A8DB6B00180474 /* QuizData[IT].json */,
				137B939929ACAFA200CB5282 /* QuizData[EN].json */,
				13504C3929A8BAF900E33021 /* QuestionModel.swift */,
			);
			path = Models;
			sourceTree = "<group>";
		};
		6E373ECC29A5FFA100F18525 = {
			isa = PBXGroup;
			children = (
				6E06491529B0AE7700E466DE /* peristenza.swift */,
				6ED43D2629AF7412005CEE42 /* resocontoView.swift */,
				6E06491329B0A82D00E466DE /* pulsantinoView.swift */,
				6E373ED729A5FFA100F18525 /* iWaitProject */,
				6E373ED629A5FFA100F18525 /* Products */,
			);
			sourceTree = "<group>";
		};
		6E373ED629A5FFA100F18525 /* Products */ = {
			isa = PBXGroup;
			children = (
				6E373ED529A5FFA100F18525 /* iWaitProject.app */,
			);
			name = Products;
			sourceTree = "<group>";
		};
		6E373ED729A5FFA100F18525 /* iWaitProject */ = {
			isa = PBXGroup;
			children = (
				6E373ED829A5FFA100F18525 /* iWaitProjectApp.swift */,
				6E373EDA29A5FFA100F18525 /* ContentView.swift */,
				6ED43D2429AF4D38005CEE42 /* HomeView.swift */,
				6ED71FEE29A7F0BA00180474 /* Buttons.swift */,
				0A234DB229A62DA2009B9A13 /* ProfileView.swift */,
				6E373EEB29A6020700F18525 /* GameScene1.swift */,
				13504C3D29A8BD6400E33021 /* Quiz.swift */,
				6ED43D1B29AD23AD005CEE42 /* NewCardView.swift */,
				6ED43D1F29AD2A45005CEE42 /* PossiblyDeprecated */,
				137B939B29ACCCFB00CB5282 /* Assets.xcassets */,
				13504C3729A8BAD100E33021 /* Models */,
				6E373EE129A5FFA300F18525 /* Persistence.swift */,
				6E373EE329A5FFA300F18525 /* iWaitProject.xcdatamodeld */,
				6E373EDE29A5FFA300F18525 /* Preview Content */,
				F79DA82B29B0DEAD00252B21 /* onBoardingView */,
			);
			path = iWaitProject;
			sourceTree = "<group>";
		};
		6E373EDE29A5FFA300F18525 /* Preview Content */ = {
			isa = PBXGroup;
			children = (
				6E373EDF29A5FFA300F18525 /* Preview Assets.xcassets */,
			);
			path = "Preview Content";
			sourceTree = "<group>";
		};
		6ED43D1F29AD2A45005CEE42 /* PossiblyDeprecated */ = {
			isa = PBXGroup;
			children = (
				133971FC29ACD25C00855407 /* Teoria[PT].json */,
				133971FB29ACD25C00855407 /* Teoria[IT].json */,
				133971FA29ACD25C00855407 /* Teoria[EN].json */,
				F77D6B5F29A9263C002278F8 /* TheoryCardView.swift */,
				F77D6B6929A92670002278F8 /* CardModel.swift */,
				F77D6B6129A9263F002278F8 /* ChapterTwoCardView.swift */,
				F77D6B6329A92642002278F8 /* ChapterThreeCardView.swift */,
				F77D6B6529A92645002278F8 /* ChapterOneCardView.swift */,
				F77D6B6729A9266D002278F8 /* CardView.swift */,
			);
			path = PossiblyDeprecated;
			sourceTree = "<group>";
		};
		F79DA82B29B0DEAD00252B21 /* onBoardingView */ = {
			isa = PBXGroup;
			children = (
				F79DA82729B0CC7700252B21 /* ViewHello.swift */,
				F79DA82529B0C42900252B21 /* ViewLanguages.swift */,
				F79DA82929B0DE3C00252B21 /* ViewEnd.swift */,
			);
			path = onBoardingView;
			sourceTree = "<group>";
		};
/* End PBXGroup section */

/* Begin PBXNativeTarget section */
		6E373ED429A5FFA100F18525 /* iWaitProject */ = {
			isa = PBXNativeTarget;
			buildConfigurationList = 6E373EE829A5FFA300F18525 /* Build configuration list for PBXNativeTarget "iWaitProject" */;
			buildPhases = (
				6E373ED129A5FFA100F18525 /* Sources */,
				6E373ED229A5FFA100F18525 /* Frameworks */,
				6E373ED329A5FFA100F18525 /* Resources */,
			);
			buildRules = (
			);
			dependencies = (
			);
			name = iWaitProject;
			productName = iWaitProject;
			productReference = 6E373ED529A5FFA100F18525 /* iWaitProject.app */;
			productType = "com.apple.product-type.application";
		};
/* End PBXNativeTarget section */

/* Begin PBXProject section */
		6E373ECD29A5FFA100F18525 /* Project object */ = {
			isa = PBXProject;
			attributes = {
				BuildIndependentTargetsInParallel = 1;
				LastSwiftUpdateCheck = 1420;
				LastUpgradeCheck = 1420;
				TargetAttributes = {
					6E373ED429A5FFA100F18525 = {
						CreatedOnToolsVersion = 14.2;
					};
				};
			};
			buildConfigurationList = 6E373ED029A5FFA100F18525 /* Build configuration list for PBXProject "iWaitProject" */;
			compatibilityVersion = "Xcode 14.0";
			developmentRegion = en;
			hasScannedForEncodings = 0;
			knownRegions = (
				en,
				Base,
				it,
				"pt-BR",
			);
			mainGroup = 6E373ECC29A5FFA100F18525;
			productRefGroup = 6E373ED629A5FFA100F18525 /* Products */;
			projectDirPath = "";
			projectRoot = "";
			targets = (
				6E373ED429A5FFA100F18525 /* iWaitProject */,
			);
		};
/* End PBXProject section */

/* Begin PBXResourcesBuildPhase section */
		6E373ED329A5FFA100F18525 /* Resources */ = {
			isa = PBXResourcesBuildPhase;
			buildActionMask = 2147483647;
			files = (
				6ED71FF929ACA54500180474 /* QuizData[PT].json in Resources */,
				6ED71FF729A8DB6B00180474 /* QuizData[IT].json in Resources */,
				133971FD29ACD25C00855407 /* Teoria[EN].json in Resources */,
				6ED43D1E29AD2514005CEE42 /* Teoria[ENG].json in Resources */,
				133971FE29ACD25C00855407 /* Teoria[IT].json in Resources */,
				6ED43D2329AD2E9A005CEE42 /* Teoria[PTG].json in Resources */,
				6E373EE029A5FFA300F18525 /* Preview Assets.xcassets in Resources */,
				137B939A29ACAFA200CB5282 /* QuizData[EN].json in Resources */,
				137B939C29ACCCFC00CB5282 /* Assets.xcassets in Resources */,
				6ED43D2129AD2AE2005CEE42 /* Teoria[ITA].json in Resources */,
				133971FF29ACD25C00855407 /* Teoria[PT].json in Resources */,
			);
			runOnlyForDeploymentPostprocessing = 0;
		};
/* End PBXResourcesBuildPhase section */

/* Begin PBXSourcesBuildPhase section */
		6E373ED129A5FFA100F18525 /* Sources */ = {
			isa = PBXSourcesBuildPhase;
			buildActionMask = 2147483647;
			files = (
				F79DA82829B0CC7700252B21 /* ViewHello.swift in Sources */,
				F77D6B6829A9266D002278F8 /* CardView.swift in Sources */,
				6E373EE229A5FFA300F18525 /* Persistence.swift in Sources */,
				6E06491629B0AE7700E466DE /* peristenza.swift in Sources */,
				6ED43D1A29AD215E005CEE42 /* NewCardModel.swift in Sources */,
				6E06491429B0A82D00E466DE /* pulsantinoView.swift in Sources */,
				F77D6B6229A9263F002278F8 /* ChapterTwoCardView.swift in Sources */,
				13504C3E29A8BD6400E33021 /* Quiz.swift in Sources */,
				13504C3A29A8BAF900E33021 /* QuestionModel.swift in Sources */,
				F77D6B6029A9263C002278F8 /* TheoryCardView.swift in Sources */,
				F79DA82A29B0DE3C00252B21 /* ViewEnd.swift in Sources */,
				6E373EDB29A5FFA100F18525 /* ContentView.swift in Sources */,
				6E373EE529A5FFA300F18525 /* iWaitProject.xcdatamodeld in Sources */,
				6ED43D2529AF4D38005CEE42 /* HomeView.swift in Sources */,
				6ED71FEF29A7F0BA00180474 /* Buttons.swift in Sources */,
				F77D6B6629A92645002278F8 /* ChapterOneCardView.swift in Sources */,
				F79DA82629B0C42900252B21 /* ViewLanguages.swift in Sources */,
				6E373ED929A5FFA100F18525 /* iWaitProjectApp.swift in Sources */,
				6ED43D1C29AD23AD005CEE42 /* NewCardView.swift in Sources */,
				F77D6B6429A92642002278F8 /* ChapterThreeCardView.swift in Sources */,
				0A234DB329A62DA2009B9A13 /* ProfileView.swift in Sources */,
				6E373EEC29A6020700F18525 /* GameScene1.swift in Sources */,
				F77D6B6A29A92670002278F8 /* CardModel.swift in Sources */,
				6ED43D2729AF7412005CEE42 /* resocontoView.swift in Sources */,
			);
			runOnlyForDeploymentPostprocessing = 0;
		};
/* End PBXSourcesBuildPhase section */

/* Begin XCBuildConfiguration section */
		6E373EE629A5FFA300F18525 /* Debug */ = {
			isa = XCBuildConfiguration;
			buildSettings = {
				ALWAYS_SEARCH_USER_PATHS = NO;
				CLANG_ANALYZER_NONNULL = YES;
				CLANG_ANALYZER_NUMBER_OBJECT_CONVERSION = YES_AGGRESSIVE;
				CLANG_CXX_LANGUAGE_STANDARD = "gnu++20";
				CLANG_ENABLE_MODULES = YES;
				CLANG_ENABLE_OBJC_ARC = YES;
				CLANG_ENABLE_OBJC_WEAK = YES;
				CLANG_WARN_BLOCK_CAPTURE_AUTORELEASING = YES;
				CLANG_WARN_BOOL_CONVERSION = YES;
				CLANG_WARN_COMMA = YES;
				CLANG_WARN_CONSTANT_CONVERSION = YES;
				CLANG_WARN_DEPRECATED_OBJC_IMPLEMENTATIONS = YES;
				CLANG_WARN_DIRECT_OBJC_ISA_USAGE = YES_ERROR;
				CLANG_WARN_DOCUMENTATION_COMMENTS = YES;
				CLANG_WARN_EMPTY_BODY = YES;
				CLANG_WARN_ENUM_CONVERSION = YES;
				CLANG_WARN_INFINITE_RECURSION = YES;
				CLANG_WARN_INT_CONVERSION = YES;
				CLANG_WARN_NON_LITERAL_NULL_CONVERSION = YES;
				CLANG_WARN_OBJC_IMPLICIT_RETAIN_SELF = YES;
				CLANG_WARN_OBJC_LITERAL_CONVERSION = YES;
				CLANG_WARN_OBJC_ROOT_CLASS = YES_ERROR;
				CLANG_WARN_QUOTED_INCLUDE_IN_FRAMEWORK_HEADER = YES;
				CLANG_WARN_RANGE_LOOP_ANALYSIS = YES;
				CLANG_WARN_STRICT_PROTOTYPES = YES;
				CLANG_WARN_SUSPICIOUS_MOVE = YES;
				CLANG_WARN_UNGUARDED_AVAILABILITY = YES_AGGRESSIVE;
				CLANG_WARN_UNREACHABLE_CODE = YES;
				CLANG_WARN__DUPLICATE_METHOD_MATCH = YES;
				COPY_PHASE_STRIP = NO;
				DEBUG_INFORMATION_FORMAT = dwarf;
				ENABLE_STRICT_OBJC_MSGSEND = YES;
				ENABLE_TESTABILITY = YES;
				GCC_C_LANGUAGE_STANDARD = gnu11;
				GCC_DYNAMIC_NO_PIC = NO;
				GCC_NO_COMMON_BLOCKS = YES;
				GCC_OPTIMIZATION_LEVEL = 0;
				GCC_PREPROCESSOR_DEFINITIONS = (
					"DEBUG=1",
					"$(inherited)",
				);
				GCC_WARN_64_TO_32_BIT_CONVERSION = YES;
				GCC_WARN_ABOUT_RETURN_TYPE = YES_ERROR;
				GCC_WARN_UNDECLARED_SELECTOR = YES;
				GCC_WARN_UNINITIALIZED_AUTOS = YES_AGGRESSIVE;
				GCC_WARN_UNUSED_FUNCTION = YES;
				GCC_WARN_UNUSED_VARIABLE = YES;
				IPHONEOS_DEPLOYMENT_TARGET = 16.2;
				MTL_ENABLE_DEBUG_INFO = INCLUDE_SOURCE;
				MTL_FAST_MATH = YES;
				ONLY_ACTIVE_ARCH = YES;
				SDKROOT = iphoneos;
				SWIFT_ACTIVE_COMPILATION_CONDITIONS = DEBUG;
				SWIFT_OPTIMIZATION_LEVEL = "-Onone";
			};
			name = Debug;
		};
		6E373EE729A5FFA300F18525 /* Release */ = {
			isa = XCBuildConfiguration;
			buildSettings = {
				ALWAYS_SEARCH_USER_PATHS = NO;
				CLANG_ANALYZER_NONNULL = YES;
				CLANG_ANALYZER_NUMBER_OBJECT_CONVERSION = YES_AGGRESSIVE;
				CLANG_CXX_LANGUAGE_STANDARD = "gnu++20";
				CLANG_ENABLE_MODULES = YES;
				CLANG_ENABLE_OBJC_ARC = YES;
				CLANG_ENABLE_OBJC_WEAK = YES;
				CLANG_WARN_BLOCK_CAPTURE_AUTORELEASING = YES;
				CLANG_WARN_BOOL_CONVERSION = YES;
				CLANG_WARN_COMMA = YES;
				CLANG_WARN_CONSTANT_CONVERSION = YES;
				CLANG_WARN_DEPRECATED_OBJC_IMPLEMENTATIONS = YES;
				CLANG_WARN_DIRECT_OBJC_ISA_USAGE = YES_ERROR;
				CLANG_WARN_DOCUMENTATION_COMMENTS = YES;
				CLANG_WARN_EMPTY_BODY = YES;
				CLANG_WARN_ENUM_CONVERSION = YES;
				CLANG_WARN_INFINITE_RECURSION = YES;
				CLANG_WARN_INT_CONVERSION = YES;
				CLANG_WARN_NON_LITERAL_NULL_CONVERSION = YES;
				CLANG_WARN_OBJC_IMPLICIT_RETAIN_SELF = YES;
				CLANG_WARN_OBJC_LITERAL_CONVERSION = YES;
				CLANG_WARN_OBJC_ROOT_CLASS = YES_ERROR;
				CLANG_WARN_QUOTED_INCLUDE_IN_FRAMEWORK_HEADER = YES;
				CLANG_WARN_RANGE_LOOP_ANALYSIS = YES;
				CLANG_WARN_STRICT_PROTOTYPES = YES;
				CLANG_WARN_SUSPICIOUS_MOVE = YES;
				CLANG_WARN_UNGUARDED_AVAILABILITY = YES_AGGRESSIVE;
				CLANG_WARN_UNREACHABLE_CODE = YES;
				CLANG_WARN__DUPLICATE_METHOD_MATCH = YES;
				COPY_PHASE_STRIP = NO;
				DEBUG_INFORMATION_FORMAT = "dwarf-with-dsym";
				ENABLE_NS_ASSERTIONS = NO;
				ENABLE_STRICT_OBJC_MSGSEND = YES;
				GCC_C_LANGUAGE_STANDARD = gnu11;
				GCC_NO_COMMON_BLOCKS = YES;
				GCC_WARN_64_TO_32_BIT_CONVERSION = YES;
				GCC_WARN_ABOUT_RETURN_TYPE = YES_ERROR;
				GCC_WARN_UNDECLARED_SELECTOR = YES;
				GCC_WARN_UNINITIALIZED_AUTOS = YES_AGGRESSIVE;
				GCC_WARN_UNUSED_FUNCTION = YES;
				GCC_WARN_UNUSED_VARIABLE = YES;
				IPHONEOS_DEPLOYMENT_TARGET = 16.2;
				MTL_ENABLE_DEBUG_INFO = NO;
				MTL_FAST_MATH = YES;
				SDKROOT = iphoneos;
				SWIFT_COMPILATION_MODE = wholemodule;
				SWIFT_OPTIMIZATION_LEVEL = "-O";
				VALIDATE_PRODUCT = YES;
			};
			name = Release;
		};
		6E373EE929A5FFA300F18525 /* Debug */ = {
			isa = XCBuildConfiguration;
			buildSettings = {
				ASSETCATALOG_COMPILER_APPICON_NAME = AppIcon;
				ASSETCATALOG_COMPILER_GLOBAL_ACCENT_COLOR_NAME = AccentColor;
				CODE_SIGN_STYLE = Automatic;
				CURRENT_PROJECT_VERSION = 1;
				DEVELOPMENT_ASSET_PATHS = "\"iWaitProject/Preview Content\"";
				DEVELOPMENT_TEAM = 8Q2GQ7758S;
				ENABLE_PREVIEWS = YES;
				GENERATE_INFOPLIST_FILE = YES;
				INFOPLIST_KEY_UIApplicationSceneManifest_Generation = YES;
				INFOPLIST_KEY_UIApplicationSupportsIndirectInputEvents = YES;
				INFOPLIST_KEY_UILaunchScreen_Generation = YES;
				INFOPLIST_KEY_UISupportedInterfaceOrientations_iPad = "UIInterfaceOrientationPortrait UIInterfaceOrientationPortraitUpsideDown UIInterfaceOrientationLandscapeLeft UIInterfaceOrientationLandscapeRight";
				INFOPLIST_KEY_UISupportedInterfaceOrientations_iPhone = "UIInterfaceOrientationPortrait UIInterfaceOrientationLandscapeLeft UIInterfaceOrientationLandscapeRight";
				IPHONEOS_DEPLOYMENT_TARGET = 16.0;
				LD_RUNPATH_SEARCH_PATHS = (
					"$(inherited)",
					"@executable_path/Frameworks",
				);
				MARKETING_VERSION = 1.0;
				PRODUCT_BUNDLE_IDENTIFIER = ada2022.frigo.com.iWaitProject;
				PRODUCT_NAME = "$(TARGET_NAME)";
				SUPPORTED_PLATFORMS = "iphoneos iphonesimulator";
				SUPPORTS_MACCATALYST = NO;
				SUPPORTS_MAC_DESIGNED_FOR_IPHONE_IPAD = NO;
				SWIFT_EMIT_LOC_STRINGS = YES;
				SWIFT_VERSION = 5.0;
				TARGETED_DEVICE_FAMILY = 1;
			};
			name = Debug;
		};
		6E373EEA29A5FFA300F18525 /* Release */ = {
			isa = XCBuildConfiguration;
			buildSettings = {
				ASSETCATALOG_COMPILER_APPICON_NAME = AppIcon;
				ASSETCATALOG_COMPILER_GLOBAL_ACCENT_COLOR_NAME = AccentColor;
				CODE_SIGN_STYLE = Automatic;
				CURRENT_PROJECT_VERSION = 1;
				DEVELOPMENT_ASSET_PATHS = "\"iWaitProject/Preview Content\"";
				DEVELOPMENT_TEAM = 8Q2GQ7758S;
				ENABLE_PREVIEWS = YES;
				GENERATE_INFOPLIST_FILE = YES;
				INFOPLIST_KEY_UIApplicationSceneManifest_Generation = YES;
				INFOPLIST_KEY_UIApplicationSupportsIndirectInputEvents = YES;
				INFOPLIST_KEY_UILaunchScreen_Generation = YES;
				INFOPLIST_KEY_UISupportedInterfaceOrientations_iPad = "UIInterfaceOrientationPortrait UIInterfaceOrientationPortraitUpsideDown UIInterfaceOrientationLandscapeLeft UIInterfaceOrientationLandscapeRight";
				INFOPLIST_KEY_UISupportedInterfaceOrientations_iPhone = "UIInterfaceOrientationPortrait UIInterfaceOrientationLandscapeLeft UIInterfaceOrientationLandscapeRight";
				IPHONEOS_DEPLOYMENT_TARGET = 16.0;
				LD_RUNPATH_SEARCH_PATHS = (
					"$(inherited)",
					"@executable_path/Frameworks",
				);
				MARKETING_VERSION = 1.0;
				PRODUCT_BUNDLE_IDENTIFIER = ada2022.frigo.com.iWaitProject;
				PRODUCT_NAME = "$(TARGET_NAME)";
				SUPPORTED_PLATFORMS = "iphoneos iphonesimulator";
				SUPPORTS_MACCATALYST = NO;
				SUPPORTS_MAC_DESIGNED_FOR_IPHONE_IPAD = NO;
				SWIFT_EMIT_LOC_STRINGS = YES;
				SWIFT_VERSION = 5.0;
				TARGETED_DEVICE_FAMILY = 1;
			};
			name = Release;
		};
/* End XCBuildConfiguration section */

/* Begin XCConfigurationList section */
		6E373ED029A5FFA100F18525 /* Build configuration list for PBXProject "iWaitProject" */ = {
			isa = XCConfigurationList;
			buildConfigurations = (
				6E373EE629A5FFA300F18525 /* Debug */,
				6E373EE729A5FFA300F18525 /* Release */,
			);
			defaultConfigurationIsVisible = 0;
			defaultConfigurationName = Release;
		};
		6E373EE829A5FFA300F18525 /* Build configuration list for PBXNativeTarget "iWaitProject" */ = {
			isa = XCConfigurationList;
			buildConfigurations = (
				6E373EE929A5FFA300F18525 /* Debug */,
				6E373EEA29A5FFA300F18525 /* Release */,
			);
			defaultConfigurationIsVisible = 0;
			defaultConfigurationName = Release;
		};
/* End XCConfigurationList section */

/* Begin XCVersionGroup section */
		6E373EE329A5FFA300F18525 /* iWaitProject.xcdatamodeld */ = {
			isa = XCVersionGroup;
			children = (
				6E373EE429A5FFA300F18525 /* iWaitProject.xcdatamodel */,
			);
			currentVersion = 6E373EE429A5FFA300F18525 /* iWaitProject.xcdatamodel */;
			path = iWaitProject.xcdatamodeld;
			sourceTree = "<group>";
			versionGroupType = wrapper.xcdatamodel;
		};
/* End XCVersionGroup section */
	};
	rootObject = 6E373ECD29A5FFA100F18525 /* Project object */;
}
